
Microsoft Visual Studio Solution File, Format Version 12.00
# Visual Studio 15
VisualStudioVersion = 15.0.27130.2036
MinimumVisualStudioVersion = 10.0.40219.1
Project("{FAE04EC0-301F-11D3-BF4B-00C04F79EFBC}") = "WPFDataViewer", "WPFDataViewer\WPFDataViewer.csproj", "{B319550E-F008-4C86-A460-ADD563758D7F}"
EndProject
Global
	GlobalSection(SolutionConfigurationPlatforms) = preSolution
		Debug|Any CPU = Debug|Any CPU
		Release|Any CPU = Release|Any CPU
	EndGlobalSection
	GlobalSection(ProjectConfigurationPlatforms) = postSolution
		{B319550E-F008-4C86-A460-ADD563758D7F}.Debug|Any CPU.ActiveCfg = Debug|Any CPU
		{B319550E-F008-4C86-A460-ADD563758D7F}.Debug|Any CPU.Build.0 = Debug|Any CPU
		{B319550E-F008-4C86-A460-ADD563758D7F}.Release|Any CPU.ActiveCfg = Release|Any CPU
		{B319550E-F008-4C86-A460-ADD563758D7F}.Release|Any CPU.Build.0 = Release|Any CPU
	EndGlobalSection
	GlobalSection(SolutionProperties) = preSolution
		HideSolutionNode = FALSE
	EndGlobalSection
	GlobalSection(ExtensibilityGlobals) = postSolution
		SolutionGuid = {6C591073-30F1-4635-8514-0378267DBBB5}
	EndGlobalSection
EndGlobal
